
Microsoft Visual Studio Solution File, Format Version 12.00
# Visual Studio 15
VisualStudioVersion = 15.0.27205.0
MinimumVisualStudioVersion = 10.0.40219.1
Project("{9A19103F-16F7-4668-BE54-9A1E7A4F7556}") = "Workflows", "Workflows\Workflows.csproj", "{B7B32FA8-DB15-4F37-B558-1CC83E0C32D6}"
EndProject
Project("{FAE04EC0-301F-11D3-BF4B-00C04F79EFBC}") = "Workflows.Tests", "Workflows.Tests\Workflows.Tests.csproj", "{A7930485-466E-4FA8-8613-1FFB83DC7292}"
EndProject
Global
	GlobalSection(SolutionConfigurationPlatforms) = preSolution
		Debug|Any CPU = Debug|Any CPU
		Release|Any CPU = Release|Any CPU
	EndGlobalSection
	GlobalSection(ProjectConfigurationPlatforms) = postSolution
		{B7B32FA8-DB15-4F37-B558-1CC83E0C32D6}.Debug|Any CPU.ActiveCfg = Debug|Any CPU
		{B7B32FA8-DB15-4F37-B558-1CC83E0C32D6}.Debug|Any CPU.Build.0 = Debug|Any CPU
		{B7B32FA8-DB15-4F37-B558-1CC83E0C32D6}.Release|Any CPU.ActiveCfg = Release|Any CPU
		{B7B32FA8-DB15-4F37-B558-1CC83E0C32D6}.Release|Any CPU.Build.0 = Release|Any CPU
		{A7930485-466E-4FA8-8613-1FFB83DC7292}.Debug|Any CPU.ActiveCfg = Debug|Any CPU
		{A7930485-466E-4FA8-8613-1FFB83DC7292}.Debug|Any CPU.Build.0 = Debug|Any CPU
		{A7930485-466E-4FA8-8613-1FFB83DC7292}.Release|Any CPU.ActiveCfg = Release|Any CPU
		{A7930485-466E-4FA8-8613-1FFB83DC7292}.Release|Any CPU.Build.0 = Release|Any CPU
	EndGlobalSection
	GlobalSection(SolutionProperties) = preSolution
		HideSolutionNode = FALSE
	EndGlobalSection
	GlobalSection(ExtensibilityGlobals) = postSolution
		SolutionGuid = {862482DB-39A7-4903-88A6-62E6F761C727}
	EndGlobalSection
EndGlobal
